// !$*UTF8*$!
{
	archiveVersion = 1;
	classes = {
	};
	objectVersion = 50;
	objects = {

/* Begin PBXBuildFile section */
		86024C23233FDD030026A7E5 /* AppDelegate.swift in Sources */ = {isa = PBXBuildFile; fileRef = 86024C22233FDD030026A7E5 /* AppDelegate.swift */; };
		86024C28233FDD030026A7E5 /* Main.storyboard in Resources */ = {isa = PBXBuildFile; fileRef = 86024C26233FDD030026A7E5 /* Main.storyboard */; };
		86024C2A233FDD040026A7E5 /* Assets.xcassets in Resources */ = {isa = PBXBuildFile; fileRef = 86024C29233FDD040026A7E5 /* Assets.xcassets */; };
		86024C2D233FDD040026A7E5 /* LaunchScreen.storyboard in Resources */ = {isa = PBXBuildFile; fileRef = 86024C2B233FDD040026A7E5 /* LaunchScreen.storyboard */; };
		86024C35233FE0030026A7E5 /* StartScreenController.swift in Sources */ = {isa = PBXBuildFile; fileRef = 86024C34233FE0030026A7E5 /* StartScreenController.swift */; };
		86024C37233FE6D50026A7E5 /* EntityDetailController.swift in Sources */ = {isa = PBXBuildFile; fileRef = 86024C36233FE6D50026A7E5 /* EntityDetailController.swift */; };
		86024C3A233FE7C10026A7E5 /* AllEntities.swift in Sources */ = {isa = PBXBuildFile; fileRef = 86024C39233FE7C10026A7E5 /* AllEntities.swift */; };
		86024C3F234038F30026A7E5 /* Starships.swift in Sources */ = {isa = PBXBuildFile; fileRef = 86024C3C234038F30026A7E5 /* Starships.swift */; };
		86024C40234038F30026A7E5 /* People.swift in Sources */ = {isa = PBXBuildFile; fileRef = 86024C3D234038F30026A7E5 /* People.swift */; };
		86024C41234038F30026A7E5 /* Vehicles.swift in Sources */ = {isa = PBXBuildFile; fileRef = 86024C3E234038F30026A7E5 /* Vehicles.swift */; };
		86024C452340390C0026A7E5 /* StarWarsAPIClient.swift in Sources */ = {isa = PBXBuildFile; fileRef = 86024C432340390C0026A7E5 /* StarWarsAPIClient.swift */; };
		86024C462340390C0026A7E5 /* Endpoint.swift in Sources */ = {isa = PBXBuildFile; fileRef = 86024C442340390C0026A7E5 /* Endpoint.swift */; };
		86024C4F2340393D0026A7E5 /* Vehicle.swift in Sources */ = {isa = PBXBuildFile; fileRef = 86024C472340393C0026A7E5 /* Vehicle.swift */; };
		86024C502340393D0026A7E5 /* Starship.swift in Sources */ = {isa = PBXBuildFile; fileRef = 86024C482340393D0026A7E5 /* Starship.swift */; };
		86024C512340393D0026A7E5 /* CraftType.swift in Sources */ = {isa = PBXBuildFile; fileRef = 86024C492340393D0026A7E5 /* CraftType.swift */; };
		86024C522340393D0026A7E5 /* Craft.swift in Sources */ = {isa = PBXBuildFile; fileRef = 86024C4A2340393D0026A7E5 /* Craft.swift */; };
		86024C532340393D0026A7E5 /* Character.swift in Sources */ = {isa = PBXBuildFile; fileRef = 86024C4B2340393D0026A7E5 /* Character.swift */; };
		86024C542340393D0026A7E5 /* CharacterDetail.swift in Sources */ = {isa = PBXBuildFile; fileRef = 86024C4C2340393D0026A7E5 /* CharacterDetail.swift */; };
		86024C552340393D0026A7E5 /* VehicleHeader.swift in Sources */ = {isa = PBXBuildFile; fileRef = 86024C4D2340393D0026A7E5 /* VehicleHeader.swift */; };
		86024C562340393D0026A7E5 /* Planet.swift in Sources */ = {isa = PBXBuildFile; fileRef = 86024C4E2340393D0026A7E5 /* Planet.swift */; };
		86024C59234039F90026A7E5 /* StarWarsAPIError.swift in Sources */ = {isa = PBXBuildFile; fileRef = 86024C58234039F90026A7E5 /* StarWarsAPIError.swift */; };
		86024C5B23403FCF0026A7E5 /* VehicleDetail.swift in Sources */ = {isa = PBXBuildFile; fileRef = 86024C5A23403FCF0026A7E5 /* VehicleDetail.swift */; };
		866974602341359F00FE87E5 /* CharacterLabel.swift in Sources */ = {isa = PBXBuildFile; fileRef = 8669745F2341359F00FE87E5 /* CharacterLabel.swift */; };
		866974622341370100FE87E5 /* CraftLabel.swift in Sources */ = {isa = PBXBuildFile; fileRef = 866974612341370100FE87E5 /* CraftLabel.swift */; };
		8669746523413D8D00FE87E5 /* CraftViewModel.swift in Sources */ = {isa = PBXBuildFile; fileRef = 8669746323413D8D00FE87E5 /* CraftViewModel.swift */; };
		8669746623413D8D00FE87E5 /* CharacterViewModel.swift in Sources */ = {isa = PBXBuildFile; fileRef = 8669746423413D8D00FE87E5 /* CharacterViewModel.swift */; };
		8669746823413F6900FE87E5 /* EntityViewModel.swift in Sources */ = {isa = PBXBuildFile; fileRef = 8669746723413F6900FE87E5 /* EntityViewModel.swift */; };
		868D0FDA23420C6F001B7AEB /* PilotedCraftController.swift in Sources */ = {isa = PBXBuildFile; fileRef = 868D0FD923420C6F001B7AEB /* PilotedCraftController.swift */; };
/* End PBXBuildFile section */

/* Begin PBXFileReference section */
		86024C1F233FDD030026A7E5 /* TheAPIAwakens_revC.app */ = {isa = PBXFileReference; explicitFileType = wrapper.application; includeInIndex = 0; path = TheAPIAwakens_revC.app; sourceTree = BUILT_PRODUCTS_DIR; };
		86024C22233FDD030026A7E5 /* AppDelegate.swift */ = {isa = PBXFileReference; lastKnownFileType = sourcecode.swift; path = AppDelegate.swift; sourceTree = "<group>"; };
		86024C27233FDD030026A7E5 /* Base */ = {isa = PBXFileReference; lastKnownFileType = file.storyboard; name = Base; path = Base.lproj/Main.storyboard; sourceTree = "<group>"; };
		86024C29233FDD040026A7E5 /* Assets.xcassets */ = {isa = PBXFileReference; lastKnownFileType = folder.assetcatalog; path = Assets.xcassets; sourceTree = "<group>"; };
		86024C2C233FDD040026A7E5 /* Base */ = {isa = PBXFileReference; lastKnownFileType = file.storyboard; name = Base; path = Base.lproj/LaunchScreen.storyboard; sourceTree = "<group>"; };
		86024C2E233FDD040026A7E5 /* Info.plist */ = {isa = PBXFileReference; lastKnownFileType = text.plist.xml; path = Info.plist; sourceTree = "<group>"; };
		86024C34233FE0030026A7E5 /* StartScreenController.swift */ = {isa = PBXFileReference; fileEncoding = 4; lastKnownFileType = sourcecode.swift; path = StartScreenController.swift; sourceTree = "<group>"; };
		86024C36233FE6D50026A7E5 /* EntityDetailController.swift */ = {isa = PBXFileReference; lastKnownFileType = sourcecode.swift; path = EntityDetailController.swift; sourceTree = "<group>"; };
		86024C39233FE7C10026A7E5 /* AllEntities.swift */ = {isa = PBXFileReference; lastKnownFileType = sourcecode.swift; path = AllEntities.swift; sourceTree = "<group>"; };
		86024C3C234038F30026A7E5 /* Starships.swift */ = {isa = PBXFileReference; fileEncoding = 4; lastKnownFileType = sourcecode.swift; path = Starships.swift; sourceTree = "<group>"; };
		86024C3D234038F30026A7E5 /* People.swift */ = {isa = PBXFileReference; fileEncoding = 4; lastKnownFileType = sourcecode.swift; path = People.swift; sourceTree = "<group>"; };
		86024C3E234038F30026A7E5 /* Vehicles.swift */ = {isa = PBXFileReference; fileEncoding = 4; lastKnownFileType = sourcecode.swift; path = Vehicles.swift; sourceTree = "<group>"; };
		86024C432340390C0026A7E5 /* StarWarsAPIClient.swift */ = {isa = PBXFileReference; fileEncoding = 4; lastKnownFileType = sourcecode.swift; path = StarWarsAPIClient.swift; sourceTree = "<group>"; };
		86024C442340390C0026A7E5 /* Endpoint.swift */ = {isa = PBXFileReference; fileEncoding = 4; lastKnownFileType = sourcecode.swift; path = Endpoint.swift; sourceTree = "<group>"; };
		86024C472340393C0026A7E5 /* Vehicle.swift */ = {isa = PBXFileReference; fileEncoding = 4; lastKnownFileType = sourcecode.swift; path = Vehicle.swift; sourceTree = "<group>"; };
		86024C482340393D0026A7E5 /* Starship.swift */ = {isa = PBXFileReference; fileEncoding = 4; lastKnownFileType = sourcecode.swift; path = Starship.swift; sourceTree = "<group>"; };
		86024C492340393D0026A7E5 /* CraftType.swift */ = {isa = PBXFileReference; fileEncoding = 4; lastKnownFileType = sourcecode.swift; path = CraftType.swift; sourceTree = "<group>"; };
		86024C4A2340393D0026A7E5 /* Craft.swift */ = {isa = PBXFileReference; fileEncoding = 4; lastKnownFileType = sourcecode.swift; path = Craft.swift; sourceTree = "<group>"; };
		86024C4B2340393D0026A7E5 /* Character.swift */ = {isa = PBXFileReference; fileEncoding = 4; lastKnownFileType = sourcecode.swift; path = Character.swift; sourceTree = "<group>"; };
		86024C4C2340393D0026A7E5 /* CharacterDetail.swift */ = {isa = PBXFileReference; fileEncoding = 4; lastKnownFileType = sourcecode.swift; path = CharacterDetail.swift; sourceTree = "<group>"; };
		86024C4D2340393D0026A7E5 /* VehicleHeader.swift */ = {isa = PBXFileReference; fileEncoding = 4; lastKnownFileType = sourcecode.swift; path = VehicleHeader.swift; sourceTree = "<group>"; };
		86024C4E2340393D0026A7E5 /* Planet.swift */ = {isa = PBXFileReference; fileEncoding = 4; lastKnownFileType = sourcecode.swift; path = Planet.swift; sourceTree = "<group>"; };
		86024C58234039F90026A7E5 /* StarWarsAPIError.swift */ = {isa = PBXFileReference; fileEncoding = 4; lastKnownFileType = sourcecode.swift; path = StarWarsAPIError.swift; sourceTree = "<group>"; };
		86024C5A23403FCF0026A7E5 /* VehicleDetail.swift */ = {isa = PBXFileReference; lastKnownFileType = sourcecode.swift; path = VehicleDetail.swift; sourceTree = "<group>"; };
		8669745F2341359F00FE87E5 /* CharacterLabel.swift */ = {isa = PBXFileReference; lastKnownFileType = sourcecode.swift; path = CharacterLabel.swift; sourceTree = "<group>"; };
		866974612341370100FE87E5 /* CraftLabel.swift */ = {isa = PBXFileReference; lastKnownFileType = sourcecode.swift; path = CraftLabel.swift; sourceTree = "<group>"; };
		8669746323413D8D00FE87E5 /* CraftViewModel.swift */ = {isa = PBXFileReference; fileEncoding = 4; lastKnownFileType = sourcecode.swift; path = CraftViewModel.swift; sourceTree = "<group>"; };
		8669746423413D8D00FE87E5 /* CharacterViewModel.swift */ = {isa = PBXFileReference; fileEncoding = 4; lastKnownFileType = sourcecode.swift; path = CharacterViewModel.swift; sourceTree = "<group>"; };
		8669746723413F6900FE87E5 /* EntityViewModel.swift */ = {isa = PBXFileReference; lastKnownFileType = sourcecode.swift; path = EntityViewModel.swift; sourceTree = "<group>"; };
		868D0FD923420C6F001B7AEB /* PilotedCraftController.swift */ = {isa = PBXFileReference; lastKnownFileType = sourcecode.swift; path = PilotedCraftController.swift; sourceTree = "<group>"; };
/* End PBXFileReference section */

/* Begin PBXFrameworksBuildPhase section */
		86024C1C233FDD030026A7E5 /* Frameworks */ = {
			isa = PBXFrameworksBuildPhase;
			buildActionMask = 2147483647;
			files = (
			);
			runOnlyForDeploymentPostprocessing = 0;
		};
/* End PBXFrameworksBuildPhase section */

/* Begin PBXGroup section */
		86024C16233FDD030026A7E5 = {
			isa = PBXGroup;
			children = (
				86024C21233FDD030026A7E5 /* TheAPIAwakens_revC */,
				86024C20233FDD030026A7E5 /* Products */,
			);
			sourceTree = "<group>";
		};
		86024C20233FDD030026A7E5 /* Products */ = {
			isa = PBXGroup;
			children = (
				86024C1F233FDD030026A7E5 /* TheAPIAwakens_revC.app */,
			);
			name = Products;
			sourceTree = "<group>";
		};
		86024C21233FDD030026A7E5 /* TheAPIAwakens_revC */ = {
			isa = PBXGroup;
			children = (
				86024C22233FDD030026A7E5 /* AppDelegate.swift */,
				86024C26233FDD030026A7E5 /* Main.storyboard */,
				8669745D2341352900FE87E5 /* View */,
				8669745E2341354400FE87E5 /* Controller */,
				86024C38233FE7A40026A7E5 /* Model */,
				86024C422340390C0026A7E5 /* Network */,
				86024C3B234038E00026A7E5 /* DataSource */,
				86024C57234039F90026A7E5 /* Error */,
				86024C29233FDD040026A7E5 /* Assets.xcassets */,
				86024C2B233FDD040026A7E5 /* LaunchScreen.storyboard */,
				86024C2E233FDD040026A7E5 /* Info.plist */,
			);
			path = TheAPIAwakens_revC;
			sourceTree = "<group>";
		};
		86024C38233FE7A40026A7E5 /* Model */ = {
			isa = PBXGroup;
			children = (
				86024C39233FE7C10026A7E5 /* AllEntities.swift */,
				86024C4B2340393D0026A7E5 /* Character.swift */,
				86024C4C2340393D0026A7E5 /* CharacterDetail.swift */,
				86024C4A2340393D0026A7E5 /* Craft.swift */,
				86024C492340393D0026A7E5 /* CraftType.swift */,
				86024C472340393C0026A7E5 /* Vehicle.swift */,
				86024C5A23403FCF0026A7E5 /* VehicleDetail.swift */,
				86024C4D2340393D0026A7E5 /* VehicleHeader.swift */,
				86024C4E2340393D0026A7E5 /* Planet.swift */,
				86024C482340393D0026A7E5 /* Starship.swift */,
			);
			path = Model;
			sourceTree = "<group>";
		};
		86024C3B234038E00026A7E5 /* DataSource */ = {
			isa = PBXGroup;
			children = (
				86024C3D234038F30026A7E5 /* People.swift */,
				86024C3E234038F30026A7E5 /* Vehicles.swift */,
				86024C3C234038F30026A7E5 /* Starships.swift */,
			);
			path = DataSource;
			sourceTree = "<group>";
		};
		86024C422340390C0026A7E5 /* Network */ = {
			isa = PBXGroup;
			children = (
				86024C432340390C0026A7E5 /* StarWarsAPIClient.swift */,
				86024C442340390C0026A7E5 /* Endpoint.swift */,
			);
			path = Network;
			sourceTree = "<group>";
		};
		86024C57234039F90026A7E5 /* Error */ = {
			isa = PBXGroup;
			children = (
				86024C58234039F90026A7E5 /* StarWarsAPIError.swift */,
			);
			path = Error;
			sourceTree = "<group>";
		};
		8669745D2341352900FE87E5 /* View */ = {
			isa = PBXGroup;
			children = (
				8669746723413F6900FE87E5 /* EntityViewModel.swift */,
				8669745F2341359F00FE87E5 /* CharacterLabel.swift */,
				8669746423413D8D00FE87E5 /* CharacterViewModel.swift */,
				866974612341370100FE87E5 /* CraftLabel.swift */,
				8669746323413D8D00FE87E5 /* CraftViewModel.swift */,
			);
			path = View;
			sourceTree = "<group>";
		};
		8669745E2341354400FE87E5 /* Controller */ = {
			isa = PBXGroup;
			children = (
				86024C34233FE0030026A7E5 /* StartScreenController.swift */,
				86024C36233FE6D50026A7E5 /* EntityDetailController.swift */,
				868D0FD923420C6F001B7AEB /* PilotedCraftController.swift */,
			);
			path = Controller;
			sourceTree = "<group>";
		};
/* End PBXGroup section */

/* Begin PBXNativeTarget section */
		86024C1E233FDD030026A7E5 /* TheAPIAwakens_revC */ = {
			isa = PBXNativeTarget;
			buildConfigurationList = 86024C31233FDD040026A7E5 /* Build configuration list for PBXNativeTarget "TheAPIAwakens_revC" */;
			buildPhases = (
				86024C1B233FDD030026A7E5 /* Sources */,
				86024C1C233FDD030026A7E5 /* Frameworks */,
				86024C1D233FDD030026A7E5 /* Resources */,
			);
			buildRules = (
			);
			dependencies = (
			);
			name = TheAPIAwakens_revC;
			productName = TheAPIAwakens_revC;
			productReference = 86024C1F233FDD030026A7E5 /* TheAPIAwakens_revC.app */;
			productType = "com.apple.product-type.application";
		};
/* End PBXNativeTarget section */

/* Begin PBXProject section */
		86024C17233FDD030026A7E5 /* Project object */ = {
			isa = PBXProject;
			attributes = {
				LastSwiftUpdateCheck = 1020;
				LastUpgradeCheck = 1020;
				ORGANIZATIONNAME = "Gavin Butler";
				TargetAttributes = {
					86024C1E233FDD030026A7E5 = {
						CreatedOnToolsVersion = 10.2.1;
					};
				};
			};
			buildConfigurationList = 86024C1A233FDD030026A7E5 /* Build configuration list for PBXProject "TheAPIAwakens_revC" */;
			compatibilityVersion = "Xcode 9.3";
			developmentRegion = en;
			hasScannedForEncodings = 0;
			knownRegions = (
				en,
				Base,
			);
			mainGroup = 86024C16233FDD030026A7E5;
			productRefGroup = 86024C20233FDD030026A7E5 /* Products */;
			projectDirPath = "";
			projectRoot = "";
			targets = (
				86024C1E233FDD030026A7E5 /* TheAPIAwakens_revC */,
			);
		};
/* End PBXProject section */

/* Begin PBXResourcesBuildPhase section */
		86024C1D233FDD030026A7E5 /* Resources */ = {
			isa = PBXResourcesBuildPhase;
			buildActionMask = 2147483647;
			files = (
				86024C2D233FDD040026A7E5 /* LaunchScreen.storyboard in Resources */,
				86024C2A233FDD040026A7E5 /* Assets.xcassets in Resources */,
				86024C28233FDD030026A7E5 /* Main.storyboard in Resources */,
			);
			runOnlyForDeploymentPostprocessing = 0;
		};
/* End PBXResourcesBuildPhase section */

/* Begin PBXSourcesBuildPhase section */
		86024C1B233FDD030026A7E5 /* Sources */ = {
			isa = PBXSourcesBuildPhase;
			buildActionMask = 2147483647;
			files = (
				86024C512340393D0026A7E5 /* CraftType.swift in Sources */,
				86024C35233FE0030026A7E5 /* StartScreenController.swift in Sources */,
				86024C502340393D0026A7E5 /* Starship.swift in Sources */,
				86024C462340390C0026A7E5 /* Endpoint.swift in Sources */,
				866974602341359F00FE87E5 /* CharacterLabel.swift in Sources */,
				86024C37233FE6D50026A7E5 /* EntityDetailController.swift in Sources */,
				86024C522340393D0026A7E5 /* Craft.swift in Sources */,
				8669746623413D8D00FE87E5 /* CharacterViewModel.swift in Sources */,
				86024C452340390C0026A7E5 /* StarWarsAPIClient.swift in Sources */,
				86024C552340393D0026A7E5 /* VehicleHeader.swift in Sources */,
				86024C3F234038F30026A7E5 /* Starships.swift in Sources */,
				86024C562340393D0026A7E5 /* Planet.swift in Sources */,
				86024C5B23403FCF0026A7E5 /* VehicleDetail.swift in Sources */,
				86024C3A233FE7C10026A7E5 /* AllEntities.swift in Sources */,
				86024C532340393D0026A7E5 /* Character.swift in Sources */,
				86024C40234038F30026A7E5 /* People.swift in Sources */,
				86024C41234038F30026A7E5 /* Vehicles.swift in Sources */,
				8669746823413F6900FE87E5 /* EntityViewModel.swift in Sources */,
				868D0FDA23420C6F001B7AEB /* PilotedCraftController.swift in Sources */,
				86024C59234039F90026A7E5 /* StarWarsAPIError.swift in Sources */,
				86024C542340393D0026A7E5 /* CharacterDetail.swift in Sources */,
				86024C4F2340393D0026A7E5 /* Vehicle.swift in Sources */,
				8669746523413D8D00FE87E5 /* CraftViewModel.swift in Sources */,
				86024C23233FDD030026A7E5 /* AppDelegate.swift in Sources */,
				866974622341370100FE87E5 /* CraftLabel.swift in Sources */,
			);
			runOnlyForDeploymentPostprocessing = 0;
		};
/* End PBXSourcesBuildPhase section */

/* Begin PBXVariantGroup section */
		86024C26233FDD030026A7E5 /* Main.storyboard */ = {
			isa = PBXVariantGroup;
			children = (
				86024C27233FDD030026A7E5 /* Base */,
			);
			name = Main.storyboard;
			sourceTree = "<group>";
		};
		86024C2B233FDD040026A7E5 /* LaunchScreen.storyboard */ = {
			isa = PBXVariantGroup;
			children = (
				86024C2C233FDD040026A7E5 /* Base */,
			);
			name = LaunchScreen.storyboard;
			sourceTree = "<group>";
		};
/* End PBXVariantGroup section */

/* Begin XCBuildConfiguration section */
		86024C2F233FDD040026A7E5 /* Debug */ = {
			isa = XCBuildConfiguration;
			buildSettings = {
				ALWAYS_SEARCH_USER_PATHS = NO;
				CLANG_ANALYZER_NONNULL = YES;
				CLANG_ANALYZER_NUMBER_OBJECT_CONVERSION = YES_AGGRESSIVE;
				CLANG_CXX_LANGUAGE_STANDARD = "gnu++14";
				CLANG_CXX_LIBRARY = "libc++";
				CLANG_ENABLE_MODULES = YES;
				CLANG_ENABLE_OBJC_ARC = YES;
				CLANG_ENABLE_OBJC_WEAK = YES;
				CLANG_WARN_BLOCK_CAPTURE_AUTORELEASING = YES;
				CLANG_WARN_BOOL_CONVERSION = YES;
				CLANG_WARN_COMMA = YES;
				CLANG_WARN_CONSTANT_CONVERSION = YES;
				CLANG_WARN_DEPRECATED_OBJC_IMPLEMENTATIONS = YES;
				CLANG_WARN_DIRECT_OBJC_ISA_USAGE = YES_ERROR;
				CLANG_WARN_DOCUMENTATION_COMMENTS = YES;
				CLANG_WARN_EMPTY_BODY = YES;
				CLANG_WARN_ENUM_CONVERSION = YES;
				CLANG_WARN_INFINITE_RECURSION = YES;
				CLANG_WARN_INT_CONVERSION = YES;
				CLANG_WARN_NON_LITERAL_NULL_CONVERSION = YES;
				CLANG_WARN_OBJC_IMPLICIT_RETAIN_SELF = YES;
				CLANG_WARN_OBJC_LITERAL_CONVERSION = YES;
				CLANG_WARN_OBJC_ROOT_CLASS = YES_ERROR;
				CLANG_WARN_RANGE_LOOP_ANALYSIS = YES;
				CLANG_WARN_STRICT_PROTOTYPES = YES;
				CLANG_WARN_SUSPICIOUS_MOVE = YES;
				CLANG_WARN_UNGUARDED_AVAILABILITY = YES_AGGRESSIVE;
				CLANG_WARN_UNREACHABLE_CODE = YES;
				CLANG_WARN__DUPLICATE_METHOD_MATCH = YES;
				CODE_SIGN_IDENTITY = "iPhone Developer";
				COPY_PHASE_STRIP = NO;
				DEBUG_INFORMATION_FORMAT = dwarf;
				ENABLE_STRICT_OBJC_MSGSEND = YES;
				ENABLE_TESTABILITY = YES;
				GCC_C_LANGUAGE_STANDARD = gnu11;
				GCC_DYNAMIC_NO_PIC = NO;
				GCC_NO_COMMON_BLOCKS = YES;
				GCC_OPTIMIZATION_LEVEL = 0;
				GCC_PREPROCESSOR_DEFINITIONS = (
					"DEBUG=1",
					"$(inherited)",
				);
				GCC_WARN_64_TO_32_BIT_CONVERSION = YES;
				GCC_WARN_ABOUT_RETURN_TYPE = YES_ERROR;
				GCC_WARN_UNDECLARED_SELECTOR = YES;
				GCC_WARN_UNINITIALIZED_AUTOS = YES_AGGRESSIVE;
				GCC_WARN_UNUSED_FUNCTION = YES;
				GCC_WARN_UNUSED_VARIABLE = YES;
				IPHONEOS_DEPLOYMENT_TARGET = 12.2;
				MTL_ENABLE_DEBUG_INFO = INCLUDE_SOURCE;
				MTL_FAST_MATH = YES;
				ONLY_ACTIVE_ARCH = YES;
				SDKROOT = iphoneos;
				SWIFT_ACTIVE_COMPILATION_CONDITIONS = DEBUG;
				SWIFT_OPTIMIZATION_LEVEL = "-Onone";
			};
			name = Debug;
		};
		86024C30233FDD040026A7E5 /* Release */ = {
			isa = XCBuildConfiguration;
			buildSettings = {
				ALWAYS_SEARCH_USER_PATHS = NO;
				CLANG_ANALYZER_NONNULL = YES;
				CLANG_ANALYZER_NUMBER_OBJECT_CONVERSION = YES_AGGRESSIVE;
				CLANG_CXX_LANGUAGE_STANDARD = "gnu++14";
				CLANG_CXX_LIBRARY = "libc++";
				CLANG_ENABLE_MODULES = YES;
				CLANG_ENABLE_OBJC_ARC = YES;
				CLANG_ENABLE_OBJC_WEAK = YES;
				CLANG_WARN_BLOCK_CAPTURE_AUTORELEASING = YES;
				CLANG_WARN_BOOL_CONVERSION = YES;
				CLANG_WARN_COMMA = YES;
				CLANG_WARN_CONSTANT_CONVERSION = YES;
				CLANG_WARN_DEPRECATED_OBJC_IMPLEMENTATIONS = YES;
				CLANG_WARN_DIRECT_OBJC_ISA_USAGE = YES_ERROR;
				CLANG_WARN_DOCUMENTATION_COMMENTS = YES;
				CLANG_WARN_EMPTY_BODY = YES;
				CLANG_WARN_ENUM_CONVERSION = YES;
				CLANG_WARN_INFINITE_RECURSION = YES;
				CLANG_WARN_INT_CONVERSION = YES;
				CLANG_WARN_NON_LITERAL_NULL_CONVERSION = YES;
				CLANG_WARN_OBJC_IMPLICIT_RETAIN_SELF = YES;
				CLANG_WARN_OBJC_LITERAL_CONVERSION = YES;
				CLANG_WARN_OBJC_ROOT_CLASS = YES_ERROR;
				CLANG_WARN_RANGE_LOOP_ANALYSIS = YES;
				CLANG_WARN_STRICT_PROTOTYPES = YES;
				CLANG_WARN_SUSPICIOUS_MOVE = YES;
				CLANG_WARN_UNGUARDED_AVAILABILITY = YES_AGGRESSIVE;
				CLANG_WARN_UNREACHABLE_CODE = YES;
				CLANG_WARN__DUPLICATE_METHOD_MATCH = YES;
				CODE_SIGN_IDENTITY = "iPhone Developer";
				COPY_PHASE_STRIP = NO;
				DEBUG_INFORMATION_FORMAT = "dwarf-with-dsym";
				ENABLE_NS_ASSERTIONS = NO;
				ENABLE_STRICT_OBJC_MSGSEND = YES;
				GCC_C_LANGUAGE_STANDARD = gnu11;
				GCC_NO_COMMON_BLOCKS = YES;
				GCC_WARN_64_TO_32_BIT_CONVERSION = YES;
				GCC_WARN_ABOUT_RETURN_TYPE = YES_ERROR;
				GCC_WARN_UNDECLARED_SELECTOR = YES;
				GCC_WARN_UNINITIALIZED_AUTOS = YES_AGGRESSIVE;
				GCC_WARN_UNUSED_FUNCTION = YES;
				GCC_WARN_UNUSED_VARIABLE = YES;
				IPHONEOS_DEPLOYMENT_TARGET = 12.2;
				MTL_ENABLE_DEBUG_INFO = NO;
				MTL_FAST_MATH = YES;
				SDKROOT = iphoneos;
				SWIFT_COMPILATION_MODE = wholemodule;
				SWIFT_OPTIMIZATION_LEVEL = "-O";
				VALIDATE_PRODUCT = YES;
			};
			name = Release;
		};
		86024C32233FDD040026A7E5 /* Debug */ = {
			isa = XCBuildConfiguration;
			buildSettings = {
				ASSETCATALOG_COMPILER_APPICON_NAME = AppIcon;
				CODE_SIGN_STYLE = Automatic;
				DEVELOPMENT_TEAM = JJ2D2HE2JS;
				INFOPLIST_FILE = TheAPIAwakens_revC/Info.plist;
				LD_RUNPATH_SEARCH_PATHS = (
					"$(inherited)",
					"@executable_path/Frameworks",
				);
				PRODUCT_BUNDLE_IDENTIFIER = "gavin.butler01-bigpond.com.TheAPIAwakens-revC";
				PRODUCT_NAME = "$(TARGET_NAME)";
				SWIFT_VERSION = 5.0;
				TARGETED_DEVICE_FAMILY = "1,2";
			};
			name = Debug;
		};
		86024C33233FDD040026A7E5 /* Release */ = {
			isa = XCBuildConfiguration;
			buildSettings = {
				ASSETCATALOG_COMPILER_APPICON_NAME = AppIcon;
				CODE_SIGN_STYLE = Automatic;
				DEVELOPMENT_TEAM = JJ2D2HE2JS;
				INFOPLIST_FILE = TheAPIAwakens_revC/Info.plist;
				LD_RUNPATH_SEARCH_PATHS = (
					"$(inherited)",
					"@executable_path/Frameworks",
				);
				PRODUCT_BUNDLE_IDENTIFIER = "gavin.butler01-bigpond.com.TheAPIAwakens-revC";
				PRODUCT_NAME = "$(TARGET_NAME)";
				SWIFT_VERSION = 5.0;
				TARGETED_DEVICE_FAMILY = "1,2";
			};
			name = Release;
		};
/* End XCBuildConfiguration section */

/* Begin XCConfigurationList section */
		86024C1A233FDD030026A7E5 /* Build configuration list for PBXProject "TheAPIAwakens_revC" */ = {
			isa = XCConfigurationList;
			buildConfigurations = (
				86024C2F233FDD040026A7E5 /* Debug */,
				86024C30233FDD040026A7E5 /* Release */,
			);
			defaultConfigurationIsVisible = 0;
			defaultConfigurationName = Release;
		};
		86024C31233FDD040026A7E5 /* Build configuration list for PBXNativeTarget "TheAPIAwakens_revC" */ = {
			isa = XCConfigurationList;
			buildConfigurations = (
				86024C32233FDD040026A7E5 /* Debug */,
				86024C33233FDD040026A7E5 /* Release */,
			);
			defaultConfigurationIsVisible = 0;
			defaultConfigurationName = Release;
		};
/* End XCConfigurationList section */
	};
	rootObject = 86024C17233FDD030026A7E5 /* Project object */;
}
